
Microsoft Visual Studio Solution File, Format Version 12.00
# Visual Studio 2012
Project("{FAE04EC0-301F-11D3-BF4B-00C04F79EFBC}") = "StudentInformation", "StudentInformation\StudentInformation.csproj", "{3255DC34-E77D-4D6C-B031-4A19B350AB4E}"
EndProject
Global
	GlobalSection(SolutionConfigurationPlatforms) = preSolution
		Debug|Any CPU = Debug|Any CPU
		Release|Any CPU = Release|Any CPU
	EndGlobalSection
	GlobalSection(ProjectConfigurationPlatforms) = postSolution
		{3255DC34-E77D-4D6C-B031-4A19B350AB4E}.Debug|Any CPU.ActiveCfg = Debug|Any CPU
		{3255DC34-E77D-4D6C-B031-4A19B350AB4E}.Debug|Any CPU.Build.0 = Debug|Any CPU
		{3255DC34-E77D-4D6C-B031-4A19B350AB4E}.Release|Any CPU.ActiveCfg = Release|Any CPU
		{3255DC34-E77D-4D6C-B031-4A19B350AB4E}.Release|Any CPU.Build.0 = Release|Any CPU
	EndGlobalSection
	GlobalSection(SolutionProperties) = preSolution
		HideSolutionNode = FALSE
	EndGlobalSection
EndGlobal
